# This file is autogenerated, do not edit; changes may be undone by the next 'dep ensure'.


[[projects]]
  digest = "1:33082c63746b464db3d1c2c07a1396d860484d97fe857ef9e8668a9b406db09f"
  name = "github.com/go-redis/redis"
  packages = [
    ".",
    "internal",
    "internal/consistenthash",
    "internal/hashtag",
    "internal/pool",
    "internal/proto",
    "internal/util",
  ]
  pruneopts = "UT"
  revision = "d22fde8721cc915a55aeb6b00944a76a92bfeb6e"
  version = "v6.15.2"

[[projects]]
  digest = "1:ec6f9bf5e274c833c911923c9193867f3f18788c461f76f05f62bb1510e0ae65"
  name = "github.com/go-sql-driver/mysql"
  packages = ["."]
  pruneopts = "UT"
  revision = "72cd26f257d44c1114970e19afddcd812016007e"
  version = "v1.4.1"

[[projects]]
  digest = "1:f5a2051c55d05548d2d4fd23d244027b59fbd943217df8aa3b5e170ac2fd6e1b"
  name = "github.com/json-iterator/go"
  packages = ["."]
  pruneopts = "UT"
  revision = "0ff49de124c6f76f8494e194af75bde0f1a49a29"
  version = "v1.1.6"

[[projects]]
  digest = "1:33422d238f147d247752996a26574ac48dcf472976eda7f5134015f06bf16563"
  name = "github.com/modern-go/concurrent"
  packages = ["."]
  pruneopts = "UT"
  revision = "bacd9c7ef1dd9b15be4a9909b8ac7a4e313eec94"
  version = "1.0.3"

[[projects]]
  digest = "1:e32bdbdb7c377a07a9a46378290059822efdce5c8d96fe71940d87cb4f918855"
  name = "github.com/modern-go/reflect2"
  packages = ["."]
  pruneopts = "UT"
  revision = "4b7aa43c6742a2c18fdef89dd197aaae7dac7ccd"
  version = "1.0.1"

[[projects]]
  digest = "1:9ae0d8ea7a876d02bd206dc87bc4c947fa91288aa8c8b0c0b3be1427be854875"
  name = "github.com/panjf2000/ants"
  packages = ["."]
  pruneopts = "UT"
  revision = "d6076c09aa1c1a7d190fe70d00c1332bf72982a0"
  version = "v1.0.0"

[[projects]]
  digest = "1:b24d38b282bacf9791408a080f606370efa3d364e4b5fd9ba0f7b87786d3b679"
  name = "github.com/urfave/cli"
  packages = ["."]
  pruneopts = "UT"
  revision = "cfb38830724cc34fedffe9a2a29fb54fa9169cd1"
  version = "v1.20.0"

[[projects]]
  digest = "1:777e729b475d3895c7229552aa10076f0d177daf37c0a72258006d046d329960"
  name = "go.uber.org/atomic"
  packages = ["."]
  pruneopts = "UT"
  revision = "4e336646b2ef9fc6e47be8e21594178f98e5ebcf"
  version = "v1.2.0"

[[projects]]
  digest = "1:60bf2a5e347af463c42ed31a493d817f8a72f102543060ed992754e689805d1a"
  name = "go.uber.org/multierr"
  packages = ["."]
  pruneopts = "UT"
  revision = "3c4937480c32f4c13a875a1829af76c98ca3d40a"
  version = "v1.1.0"

[[projects]]
  digest = "1:676160e6a4722b08e0e26b11521d575c2cb2b6f0c679e1ee6178c5d8dee51e5e"
  name = "go.uber.org/zap"
  packages = [
    ".",
    "buffer",
    "internal/bufferpool",
    "internal/color",
    "internal/exit",
    "zapcore",
  ]
  pruneopts = "UT"
  revision = "27376062155ad36be76b0f12cf1572a221d3a48c"
  version = "v1.10.0"

[[projects]]
  digest = "1:c25289f43ac4a68d88b02245742347c94f1e108c534dda442188015ff80669b3"
  name = "google.golang.org/appengine"
  packages = ["cloudsql"]
  pruneopts = "UT"
  revision = "54a98f90d1c46b7731eb8fb305d2a321c30ef610"
  version = "v1.5.0"

[solve-meta]
  analyzer-name = "dep"
  analyzer-version = 1
  input-imports = [
    "github.com/go-redis/redis",
    "github.com/go-sql-driver/mysql",
    "github.com/json-iterator/go",
    "github.com/panjf2000/ants",
    "github.com/urfave/cli",
    "go.uber.org/zap",
  ]
  solver-name = "gps-cdcl"
  solver-version = 1
